{
  "name": "nodeapp",
  "version": "1.0.0",
  "lockfileVersion": 1,
  "requires": true,
  "dependencies": {
    "myfyrstmoduly": {
      "version": "1.1.0",
      "resolved": "https://registry.npmjs.org/myfyrstmoduly/-/myfyrstmoduly-1.1.0.tgz",
      "integrity": "sha512-kmKvUhlAgsT3HatiaOn6XV2jGVfGT8H0+REsScMNDqxJ4ua3z2a+04zCKKuQe/hk3ZjePsrRHB4D/YM4i7Wp8g=="
    }
  }
}
